
Microsoft Visual Studio Solution File, Format Version 12.00
# Visual Studio Version 17
VisualStudioVersion = 17.7.34024.191
MinimumVisualStudioVersion = 10.0.40219.1
Project("{FAE04EC0-301F-11D3-BF4B-00C04F79EFBC}") = "Calculator-WF", "WinFormsHW-2\Calculator-WF.csproj", "{FE93771E-BACB-45C5-AE82-9605B3DE92A2}"
EndProject
Project("{FAE04EC0-301F-11D3-BF4B-00C04F79EFBC}") = "Anket-WF", "Anket-WF\Anket-WF.csproj", "{5A5F05EE-478F-49F3-9FB6-7E4DA445D484}"
EndProject
Global
	GlobalSection(SolutionConfigurationPlatforms) = preSolution
		Debug|Any CPU = Debug|Any CPU
		Release|Any CPU = Release|Any CPU
	EndGlobalSection
	GlobalSection(ProjectConfigurationPlatforms) = postSolution
		{FE93771E-BACB-45C5-AE82-9605B3DE92A2}.Debug|Any CPU.ActiveCfg = Debug|Any CPU
		{FE93771E-BACB-45C5-AE82-9605B3DE92A2}.Debug|Any CPU.Build.0 = Debug|Any CPU
		{FE93771E-BACB-45C5-AE82-9605B3DE92A2}.Release|Any CPU.ActiveCfg = Release|Any CPU
		{FE93771E-BACB-45C5-AE82-9605B3DE92A2}.Release|Any CPU.Build.0 = Release|Any CPU
		{5A5F05EE-478F-49F3-9FB6-7E4DA445D484}.Debug|Any CPU.ActiveCfg = Debug|Any CPU
		{5A5F05EE-478F-49F3-9FB6-7E4DA445D484}.Debug|Any CPU.Build.0 = Debug|Any CPU
		{5A5F05EE-478F-49F3-9FB6-7E4DA445D484}.Release|Any CPU.ActiveCfg = Release|Any CPU
		{5A5F05EE-478F-49F3-9FB6-7E4DA445D484}.Release|Any CPU.Build.0 = Release|Any CPU
	EndGlobalSection
	GlobalSection(SolutionProperties) = preSolution
		HideSolutionNode = FALSE
	EndGlobalSection
	GlobalSection(ExtensibilityGlobals) = postSolution
		SolutionGuid = {97203A67-4445-4EEB-9546-65C9396CE7CF}
	EndGlobalSection
EndGlobal
